// !$*UTF8*$!
{
	archiveVersion = 1;
	classes = {
	};
	objectVersion = 77;
	objects = {

/* Begin PBXContainerItemProxy section */
		10AACFE32FC8BEDC00899DA1 /* PBXContainerItemProxy */ = {
			isa = PBXContainerItemProxy;
			containerPortal = 10AACFC42FC8BEDB00899DA1 /* Project object */;
			proxyType = 1;
			remoteGlobalIDString = 10AACFCB2FC8BEDB00899DA1;
			remoteInfo = BibleNavigator;
		};
		10AACFED2FC8BEDC00899DA1 /* PBXContainerItemProxy */ = {
			isa = PBXContainerItemProxy;
			containerPortal = 10AACFC42FC8BEDB00899DA1 /* Project object */;
			proxyType = 1;
			remoteGlobalIDString = 10AACFCB2FC8BEDB00899DA1;
			remoteInfo = BibleNavigator;
		};
/* End PBXContainerItemProxy section */

/* Begin PBXFileReference section */
		10AACFCC2FC8BEDB00899DA1 /* BibleNavigator.app */ = {isa = PBXFileReference; explicitFileType = wrapper.application; includeInIndex = 0; path = BibleNavigator.app; sourceTree = BUILT_PRODUCTS_DIR; };
		10AACFE22FC8BEDC00899DA1 /* BibleNavigatorTests.xctest */ = {isa = PBXFileReference; explicitFileType = wrapper.cfbundle; includeInIndex = 0; path = BibleNavigatorTests.xctest; sourceTree = BUILT_PRODUCTS_DIR; };
		10AACFEC2FC8BEDC00899DA1 /* BibleNavigatorUITests.xctest */ = {isa = PBXFileReference; explicitFileType = wrapper.cfbundle; includeInIndex = 0; path = BibleNavigatorUITests.xctest; sourceTree = BUILT_PRODUCTS_DIR; };
/* End PBXFileReference section */

/* Begin PBXFileSystemSynchronizedBuildFileExceptionSet section */
		10AACFF42FC8BEDC00899DA1 /* Exceptions for "BibleNavigator" folder in "BibleNavigator" target */ = {
			isa = PBXFileSystemSynchronizedBuildFileExceptionSet;
			membershipExceptions = (
				Info.plist,
			);
			target = 10AACFCB2FC8BEDB00899DA1 /* BibleNavigator */;
		};
/* End PBXFileSystemSynchronizedBuildFileExceptionSet section */

/* Begin PBXFileSystemSynchronizedRootGroup section */
		10AACFCE2FC8BEDB00899DA1 /* BibleNavigator */ = {
			isa = PBXFileSystemSynchronizedRootGroup;
			exceptions = (
				10AACFF42FC8BEDC00899DA1 /* Exceptions for "BibleNavigator" folder in "BibleNavigator" target */,
			);
			path = BibleNavigator;
			sourceTree = "<group>";
		};
		10AACFE52FC8BEDC00899DA1 /* BibleNavigatorTests */ = {
			isa = PBXFileSystemSynchronizedRootGroup;
			path = BibleNavigatorTests;
			sourceTree = "<group>";
		};
		10AACFEF2FC8BEDC00899DA1 /* BibleNavigatorUITests */ = {
			isa = PBXFileSystemSynchronizedRootGroup;
			path = BibleNavigatorUITests;
			sourceTree = "<group>";
		};
/* End PBXFileSystemSynchronizedRootGroup section */

/* Begin PBXFrameworksBuildPhase section */
		10AACFC92FC8BEDB00899DA1 /* Frameworks */ = {
			isa = PBXFrameworksBuildPhase;
			buildActionMask = 2147483647;
			files = (
			);
			runOnlyForDeploymentPostprocessing = 0;
		};
		10AACFDF2FC8BEDC00899DA1 /* Frameworks */ = {
			isa = PBXFrameworksBuildPhase;
			buildActionMask = 2147483647;
			files = (
			);
			runOnlyForDeploymentPostprocessing = 0;
		};
		10AACFE92FC8BEDC00899DA1 /* Frameworks */ = {
			isa = PBXFrameworksBuildPhase;
			buildActionMask = 2147483647;
			files = (
			);
			runOnlyForDeploymentPostprocessing = 0;
		};
/* End PBXFrameworksBuildPhase section */

/* Begin PBXGroup section */
		10AACFC32FC8BEDB00899DA1 = {
			isa = PBXGroup;
			children = (
				10AACFCE2FC8BEDB00899DA1 /* BibleNavigator */,
				10AACFE52FC8BEDC00899DA1 /* BibleNavigatorTests */,
				10AACFEF2FC8BEDC00899DA1 /* BibleNavigatorUITests */,
				10AACFCD2FC8BEDB00899DA1 /* Products */,
			);
			sourceTree = "<group>";
		};
		10AACFCD2FC8BEDB00899DA1 /* Products */ = {
			isa = PBXGroup;
			children = (
				10AACFCC2FC8BEDB00899DA1 /* BibleNavigator.app */,
				10AACFE22FC8BEDC00899DA1 /* BibleNavigatorTests.xctest */,
				10AACFEC2FC8BEDC00899DA1 /* BibleNavigatorUITests.xctest */,
			);
			name = Products;
			sourceTree = "<group>";
		};
/* End PBXGroup section */

/* Begin PBXNativeTarget section */
		10AACFCB2FC8BEDB00899DA1 /* BibleNavigator */ = {
			isa = PBXNativeTarget;
			buildConfigurationList = 10AACFF52FC8BEDC00899DA1 /* Build configuration list for PBXNativeTarget "BibleNavigator" */;
			buildPhases = (
				10AACFC82FC8BEDB00899DA1 /* Sources */,
				10AACFC92FC8BEDB00899DA1 /* Frameworks */,
				10AACFCA2FC8BEDB00899DA1 /* Resources */,
			);
			buildRules = (
			);
			dependencies = (
			);
			fileSystemSynchronizedGroups = (
				10AACFCE2FC8BEDB00899DA1 /* BibleNavigator */,
			);
			name = BibleNavigator;
			packageProductDependencies = (
			);
			productName = BibleNavigator;
			productReference = 10AACFCC2FC8BEDB00899DA1 /* BibleNavigator.app */;
			productType = "com.apple.product-type.application";
		};
		10AACFE12FC8BEDC00899DA1 /* BibleNavigatorTests */ = {
			isa = PBXNativeTarget;
			buildConfigurationList = 10AACFFA2FC8BEDC00899DA1 /* Build configuration list for PBXNativeTarget "BibleNavigatorTests" */;
			buildPhases = (
				10AACFDE2FC8BEDC00899DA1 /* Sources */,
				10AACFDF2FC8BEDC00899DA1 /* Frameworks */,
				10AACFE02FC8BEDC00899DA1 /* Resources */,
			);
			buildRules = (
			);
			dependencies = (
				10AACFE42FC8BEDC00899DA1 /* PBXTargetDependency */,
			);
			fileSystemSynchronizedGroups = (
				10AACFE52FC8BEDC00899DA1 /* BibleNavigatorTests */,
			);
			name = BibleNavigatorTests;
			packageProductDependencies = (
			);
			productName = BibleNavigatorTests;
			productReference = 10AACFE22FC8BEDC00899DA1 /* BibleNavigatorTests.xctest */;
			productType = "com.apple.product-type.bundle.unit-test";
		};
		10AACFEB2FC8BEDC00899DA1 /* BibleNavigatorUITests */ = {
			isa = PBXNativeTarget;
			buildConfigurationList = 10AACFFD2FC8BEDC00899DA1 /* Build configuration list for PBXNativeTarget "BibleNavigatorUITests" */;
			buildPhases = (
				10AACFE82FC8BEDC00899DA1 /* Sources */,
				10AACFE92FC8BEDC00899DA1 /* Frameworks */,
				10AACFEA2FC8BEDC00899DA1 /* Resources */,
			);
			buildRules = (
			);
			dependencies = (
				10AACFEE2FC8BEDC00899DA1 /* PBXTargetDependency */,
			);
			fileSystemSynchronizedGroups = (
				10AACFEF2FC8BEDC00899DA1 /* BibleNavigatorUITests */,
			);
			name = BibleNavigatorUITests;
			packageProductDependencies = (
			);
			productName = BibleNavigatorUITests;
			productReference = 10AACFEC2FC8BEDC00899DA1 /* BibleNavigatorUITests.xctest */;
			productType = "com.apple.product-type.bundle.ui-testing";
		};
/* End PBXNativeTarget section */

/* Begin PBXProject section */
		10AACFC42FC8BEDB00899DA1 /* Project object */ = {
			isa = PBXProject;
			attributes = {
				BuildIndependentTargetsInParallel = 1;
				LastSwiftUpdateCheck = 2650;
				LastUpgradeCheck = 2650;
				TargetAttributes = {
					10AACFCB2FC8BEDB00899DA1 = {
						CreatedOnToolsVersion = 26.5;
					};
					10AACFE12FC8BEDC00899DA1 = {
						CreatedOnToolsVersion = 26.5;
						TestTargetID = 10AACFCB2FC8BEDB00899DA1;
					};
					10AACFEB2FC8BEDC00899DA1 = {
						CreatedOnToolsVersion = 26.5;
						TestTargetID = 10AACFCB2FC8BEDB00899DA1;
					};
				};
			};
			buildConfigurationList = 10AACFC72FC8BEDB00899DA1 /* Build configuration list for PBXProject "BibleNavigator" */;
			developmentRegion = en;
			hasScannedForEncodings = 0;
			knownRegions = (
				en,
				Base,
			);
			mainGroup = 10AACFC32FC8BEDB00899DA1;
			minimizedProjectReferenceProxies = 1;
			preferredProjectObjectVersion = 77;
			productRefGroup = 10AACFCD2FC8BEDB00899DA1 /* Products */;
			projectDirPath = "";
			projectRoot = "";
			targets = (
				10AACFCB2FC8BEDB00899DA1 /* BibleNavigator */,
				10AACFE12FC8BEDC00899DA1 /* BibleNavigatorTests */,
				10AACFEB2FC8BEDC00899DA1 /* BibleNavigatorUITests */,
			);
		};
/* End PBXProject section */

/* Begin PBXResourcesBuildPhase section */
		10AACFCA2FC8BEDB00899DA1 /* Resources */ = {
			isa = PBXResourcesBuildPhase;
			buildActionMask = 2147483647;
			files = (
			);
			runOnlyForDeploymentPostprocessing = 0;
		};
		10AACFE02FC8BEDC00899DA1 /* Resources */ = {
			isa = PBXResourcesBuildPhase;
			buildActionMask = 2147483647;
			files = (
			);
			runOnlyForDeploymentPostprocessing = 0;
		};
		10AACFEA2FC8BEDC00899DA1 /* Resources */ = {
			isa = PBXResourcesBuildPhase;
			buildActionMask = 2147483647;
			files = (
			);
			runOnlyForDeploymentPostprocessing = 0;
		};
/* End PBXResourcesBuildPhase section */

/* Begin PBXSourcesBuildPhase section */
		10AACFC82FC8BEDB00899DA1 /* Sources */ = {
			isa = PBXSourcesBuildPhase;
			buildActionMask = 2147483647;
			files = (
			);
			runOnlyForDeploymentPostprocessing = 0;
		};
		10AACFDE2FC8BEDC00899DA1 /* Sources */ = {
			isa = PBXSourcesBuildPhase;
			buildActionMask = 2147483647;
			files = (
			);
			runOnlyForDeploymentPostprocessing = 0;
		};
		10AACFE82FC8BEDC00899DA1 /* Sources */ = {
			isa = PBXSourcesBuildPhase;
			buildActionMask = 2147483647;
			files = (
			);
			runOnlyForDeploymentPostprocessing = 0;
		};
/* End PBXSourcesBuildPhase section */

/* Begin PBXTargetDependency section */
		10AACFE42FC8BEDC00899DA1 /* PBXTargetDependency */ = {
			isa = PBXTargetDependency;
			target = 10AACFCB2FC8BEDB00899DA1 /* BibleNavigator */;
			targetProxy = 10AACFE32FC8BEDC00899DA1 /* PBXContainerItemProxy */;
		};
		10AACFEE2FC8BEDC00899DA1 /* PBXTargetDependency */ = {
			isa = PBXTargetDependency;
			target = 10AACFCB2FC8BEDB00899DA1 /* BibleNavigator */;
			targetProxy = 10AACFED2FC8BEDC00899DA1 /* PBXContainerItemProxy */;
		};
/* End PBXTargetDependency section */

/* Begin XCBuildConfiguration section */
		10AACFF62FC8BEDC00899DA1 /* Debug */ = {
			isa = XCBuildConfiguration;
			buildSettings = {
				ASSETCATALOG_COMPILER_APPICON_NAME = AppIcon;
				ASSETCATALOG_COMPILER_GLOBAL_ACCENT_COLOR_NAME = AccentColor;
				CODE_SIGN_STYLE = Automatic;
				CURRENT_PROJECT_VERSION = 1;
				GENERATE_INFOPLIST_FILE = YES;
				INFOPLIST_FILE = BibleNavigator/Info.plist;
				INFOPLIST_KEY_UIApplicationSupportsIndirectInputEvents = YES;
				INFOPLIST_KEY_UILaunchStoryboardName = LaunchScreen;
				INFOPLIST_KEY_UIMainStoryboardFile = Main;
				INFOPLIST_KEY_UISupportedInterfaceOrientations_iPad = "UIInterfaceOrientationPortrait UIInterfaceOrientationPortraitUpsideDown UIInterfaceOrientationLandscapeLeft UIInterfaceOrientationLandscapeRight";
				INFOPLIST_KEY_UISupportedInterfaceOrientations_iPhone = "UIInterfaceOrientationPortrait UIInterfaceOrientationLandscapeLeft UIInterfaceOrientationLandscapeRight";
				LD_RUNPATH_SEARCH_PATHS = (
					"$(inherited)",
					"@executable_path/Frameworks",
				);
				MARKETING_VERSION = 1.0;
				PRODUCT_BUNDLE_IDENTIFIER = jenna.BibleNavigator;
				PRODUCT_NAME = "$(TARGET_NAME)";
				STRING_CATALOG_GENERATE_SYMBOLS = YES;
				SWIFT_APPROACHABLE_CONCURRENCY = YES;
				SWIFT_DEFAULT_ACTOR_ISOLATION = MainActor;
				SWIFT_EMIT_LOC_STRINGS = YES;
				SWIFT_UPCOMING_FEATURE_MEMBER_IMPORT_VISIBILITY = YES;
				SWIFT_VERSION = 5.0;
				TARGETED_DEVICE_FAMILY = "1,2";
			};
			name = Debug;
		};
		10AACFF72FC8BEDC00899DA1 /* Release */ = {
			isa = XCBuildConfiguration;
			buildSettings = {
				ASSETCATALOG_COMPILER_APPICON_NAME = AppIcon;
				ASSETCATALOG_COMPILER_GLOBAL_ACCENT_COLOR_NAME = AccentColor;
				CODE_SIGN_STYLE = Automatic;
				CURRENT_PROJECT_VERSION = 1;
				GENERATE_INFOPLIST_FILE = YES;
				INFOPLIST_FILE = BibleNavigator/Info.plist;
				INFOPLIST_KEY_UIApplicationSupportsIndirectInputEvents = YES;
				INFOPLIST_KEY_UILaunchStoryboardName = LaunchScreen;
				INFOPLIST_KEY_UIMainStoryboardFile = Main;
				INFOPLIST_KEY_UISupportedInterfaceOrientations_iPad = "UIInterfaceOrientationPortrait UIInterfaceOrientationPortraitUpsideDown UIInterfaceOrientationLandscapeLeft UIInterfaceOrientationLandscapeRight";
				INFOPLIST_KEY_UISupportedInterfaceOrientations_iPhone = "UIInterfaceOrientationPortrait UIInterfaceOrientationLandscapeLeft UIInterfaceOrientationLandscapeRight";
				LD_RUNPATH_SEARCH_PATHS = (
					"$(inherited)",
					"@executable_path/Frameworks",
				);
				MARKETING_VERSION = 1.0;
				PRODUCT_BUNDLE_IDENTIFIER = jenna.BibleNavigator;
				PRODUCT_NAME = "$(TARGET_NAME)";
				STRING_CATALOG_GENERATE_SYMBOLS = YES;
				SWIFT_APPROACHABLE_CONCURRENCY = YES;
				SWIFT_DEFAULT_ACTOR_ISOLATION = MainActor;
				SWIFT_EMIT_LOC_STRINGS = YES;
				SWIFT_UPCOMING_FEATURE_MEMBER_IMPORT_VISIBILITY = YES;
				SWIFT_VERSION = 5.0;
				TARGETED_DEVICE_FAMILY = "1,2";
			};
			name = Release;
		};
		10AACFF82FC8BEDC00899DA1 /* Debug */ = {
			isa = XCBuildConfiguration;
			buildSettings = {
				ALWAYS_SEARCH_USER_PATHS = NO;
				ASSETCATALOG_COMPILER_GENERATE_SWIFT_ASSET_SYMBOL_EXTENSIONS = YES;
				CLANG_ANALYZER_NONNULL = YES;
				CLANG_ANALYZER_NUMBER_OBJECT_CONVERSION = YES_AGGRESSIVE;
				CLANG_CXX_LANGUAGE_STANDARD = "gnu++20";
				CLANG_ENABLE_MODULES = YES;
				CLANG_ENABLE_OBJC_ARC = YES;
				CLANG_ENABLE_OBJC_WEAK = YES;
				CLANG_WARN_BLOCK_CAPTURE_AUTORELEASING = YES;
				CLANG_WARN_BOOL_CONVERSION = YES;
				CLANG_WARN_COMMA = YES;
				CLANG_WARN_CONSTANT_CONVERSION = YES;
				CLANG_WARN_DEPRECATED_OBJC_IMPLEMENTATIONS = YES;
				CLANG_WARN_DIRECT_OBJC_ISA_USAGE = YES_ERROR;
				CLANG_WARN_DOCUMENTATION_COMMENTS = YES;
				CLANG_WARN_EMPTY_BODY = YES;
				CLANG_WARN_ENUM_CONVERSION = YES;
				CLANG_WARN_INFINITE_RECURSION = YES;
				CLANG_WARN_INT_CONVERSION = YES;
				CLANG_WARN_NON_LITERAL_NULL_CONVERSION = YES;
				CLANG_WARN_OBJC_IMPLICIT_RETAIN_SELF = YES;
				CLANG_WARN_OBJC_LITERAL_CONVERSION = YES;
				CLANG_WARN_OBJC_ROOT_CLASS = YES_ERROR;
				CLANG_WARN_QUOTED_INCLUDE_IN_FRAMEWORK_HEADER = YES;
				CLANG_WARN_RANGE_LOOP_ANALYSIS = YES;
				CLANG_WARN_STRICT_PROTOTYPES = YES;
				CLANG_WARN_SUSPICIOUS_MOVE = YES;
				CLANG_WARN_UNGUARDED_AVAILABILITY = YES_AGGRESSIVE;
				CLANG_WARN_UNREACHABLE_CODE = YES;
				CLANG_WARN__DUPLICATE_METHOD_MATCH = YES;
				COPY_PHASE_STRIP = NO;
				DEBUG_INFORMATION_FORMAT = dwarf;
				ENABLE_STRICT_OBJC_MSGSEND = YES;
				ENABLE_TESTABILITY = YES;
				ENABLE_USER_SCRIPT_SANDBOXING = YES;
				GCC_C_LANGUAGE_STANDARD = gnu17;
				GCC_DYNAMIC_NO_PIC = NO;
				GCC_NO_COMMON_BLOCKS = YES;
				GCC_OPTIMIZATION_LEVEL = 0;
				GCC_PREPROCESSOR_DEFINITIONS = (
					"DEBUG=1",
					"$(inherited)",
				);
				GCC_WARN_64_TO_32_BIT_CONVERSION = YES;
				GCC_WARN_ABOUT_RETURN_TYPE = YES_ERROR;
				GCC_WARN_UNDECLARED_SELECTOR = YES;
				GCC_WARN_UNINITIALIZED_AUTOS = YES_AGGRESSIVE;
				GCC_WARN_UNUSED_FUNCTION = YES;
				GCC_WARN_UNUSED_VARIABLE = YES;
				IPHONEOS_DEPLOYMENT_TARGET = 26.5;
				LOCALIZATION_PREFERS_STRING_CATALOGS = YES;
				MTL_ENABLE_DEBUG_INFO = INCLUDE_SOURCE;
				MTL_FAST_MATH = YES;
				ONLY_ACTIVE_ARCH = YES;
				SDKROOT = iphoneos;
				SWIFT_ACTIVE_COMPILATION_CONDITIONS = "DEBUG $(inherited)";
				SWIFT_OPTIMIZATION_LEVEL = "-Onone";
			};
			name = Debug;
		};
		10AACFF92FC8BEDC00899DA1 /* Release */ = {
			isa = XCBuildConfiguration;
			buildSettings = {
				ALWAYS_SEARCH_USER_PATHS = NO;
				ASSETCATALOG_COMPILER_GENERATE_SWIFT_ASSET_SYMBOL_EXTENSIONS = YES;
				CLANG_ANALYZER_NONNULL = YES;
				CLANG_ANALYZER_NUMBER_OBJECT_CONVERSION = YES_AGGRESSIVE;
				CLANG_CXX_LANGUAGE_STANDARD = "gnu++20";
				CLANG_ENABLE_MODULES = YES;
				CLANG_ENABLE_OBJC_ARC = YES;
				CLANG_ENABLE_OBJC_WEAK = YES;
				CLANG_WARN_BLOCK_CAPTURE_AUTORELEASING = YES;
				CLANG_WARN_BOOL_CONVERSION = YES;
				CLANG_WARN_COMMA = YES;
				CLANG_WARN_CONSTANT_CONVERSION = YES;
				CLANG_WARN_DEPRECATED_OBJC_IMPLEMENTATIONS = YES;
				CLANG_WARN_DIRECT_OBJC_ISA_USAGE = YES_ERROR;
				CLANG_WARN_DOCUMENTATION_COMMENTS = YES;
				CLANG_WARN_EMPTY_BODY = YES;
				CLANG_WARN_ENUM_CONVERSION = YES;
				CLANG_WARN_INFINITE_RECURSION = YES;
				CLANG_WARN_INT_CONVERSION = YES;
				CLANG_WARN_NON_LITERAL_NULL_CONVERSION = YES;
				CLANG_WARN_OBJC_IMPLICIT_RETAIN_SELF = YES;
				CLANG_WARN_OBJC_LITERAL_CONVERSION = YES;
				CLANG_WARN_OBJC_ROOT_CLASS = YES_ERROR;
				CLANG_WARN_QUOTED_INCLUDE_IN_FRAMEWORK_HEADER = YES;
				CLANG_WARN_RANGE_LOOP_ANALYSIS = YES;
				CLANG_WARN_STRICT_PROTOTYPES = YES;
				CLANG_WARN_SUSPICIOUS_MOVE = YES;
				CLANG_WARN_UNGUARDED_AVAILABILITY = YES_AGGRESSIVE;
				CLANG_WARN_UNREACHABLE_CODE = YES;
				CLANG_WARN__DUPLICATE_METHOD_MATCH = YES;
				COPY_PHASE_STRIP = NO;
				DEBUG_INFORMATION_FORMAT = "dwarf-with-dsym";
				ENABLE_NS_ASSERTIONS = NO;
				ENABLE_STRICT_OBJC_MSGSEND = YES;
				ENABLE_USER_SCRIPT_SANDBOXING = YES;
				GCC_C_LANGUAGE_STANDARD = gnu17;
				GCC_NO_COMMON_BLOCKS = YES;
				GCC_WARN_64_TO_32_BIT_CONVERSION = YES;
				GCC_WARN_ABOUT_RETURN_TYPE = YES_ERROR;
				GCC_WARN_UNDECLARED_SELECTOR = YES;
				GCC_WARN_UNINITIALIZED_AUTOS = YES_AGGRESSIVE;
				GCC_WARN_UNUSED_FUNCTION = YES;
				GCC_WARN_UNUSED_VARIABLE = YES;
				IPHONEOS_DEPLOYMENT_TARGET = 26.5;
				LOCALIZATION_PREFERS_STRING_CATALOGS = YES;
				MTL_ENABLE_DEBUG_INFO = NO;
				MTL_FAST_MATH = YES;
				SDKROOT = iphoneos;
				SWIFT_COMPILATION_MODE = wholemodule;
				VALIDATE_PRODUCT = YES;
			};
			name = Release;
		};
		10AACFFB2FC8BEDC00899DA1 /* Debug */ = {
			isa = XCBuildConfiguration;
			buildSettings = {
				BUNDLE_LOADER = "$(TEST_HOST)";
				CODE_SIGN_STYLE = Automatic;
				CURRENT_PROJECT_VERSION = 1;
				GENERATE_INFOPLIST_FILE = YES;
				IPHONEOS_DEPLOYMENT_TARGET = 26.5;
				MARKETING_VERSION = 1.0;
				PRODUCT_BUNDLE_IDENTIFIER = jenna.BibleNavigatorTests;
				PRODUCT_NAME = "$(TARGET_NAME)";
				STRING_CATALOG_GENERATE_SYMBOLS = NO;
				SWIFT_APPROACHABLE_CONCURRENCY = YES;
				SWIFT_EMIT_LOC_STRINGS = NO;
				SWIFT_UPCOMING_FEATURE_MEMBER_IMPORT_VISIBILITY = YES;
				SWIFT_VERSION = 5.0;
				TARGETED_DEVICE_FAMILY = "1,2";
				TEST_HOST = "$(BUILT_PRODUCTS_DIR)/BibleNavigator.app/$(BUNDLE_EXECUTABLE_FOLDER_PATH)/BibleNavigator";
			};
			name = Debug;
		};
		10AACFFC2FC8BEDC00899DA1 /* Release */ = {
			isa = XCBuildConfiguration;
			buildSettings = {
				BUNDLE_LOADER = "$(TEST_HOST)";
				CODE_SIGN_STYLE = Automatic;
				CURRENT_PROJECT_VERSION = 1;
				GENERATE_INFOPLIST_FILE = YES;
				IPHONEOS_DEPLOYMENT_TARGET = 26.5;
				MARKETING_VERSION = 1.0;
				PRODUCT_BUNDLE_IDENTIFIER = jenna.BibleNavigatorTests;
				PRODUCT_NAME = "$(TARGET_NAME)";
				STRING_CATALOG_GENERATE_SYMBOLS = NO;
				SWIFT_APPROACHABLE_CONCURRENCY = YES;
				SWIFT_EMIT_LOC_STRINGS = NO;
				SWIFT_UPCOMING_FEATURE_MEMBER_IMPORT_VISIBILITY = YES;
				SWIFT_VERSION = 5.0;
				TARGETED_DEVICE_FAMILY = "1,2";
				TEST_HOST = "$(BUILT_PRODUCTS_DIR)/BibleNavigator.app/$(BUNDLE_EXECUTABLE_FOLDER_PATH)/BibleNavigator";
			};
			name = Release;
		};
		10AACFFE2FC8BEDC00899DA1 /* Debug */ = {
			isa = XCBuildConfiguration;
			buildSettings = {
				CODE_SIGN_STYLE = Automatic;
				CURRENT_PROJECT_VERSION = 1;
				GENERATE_INFOPLIST_FILE = YES;
				MARKETING_VERSION = 1.0;
				PRODUCT_BUNDLE_IDENTIFIER = jenna.BibleNavigatorUITests;
				PRODUCT_NAME = "$(TARGET_NAME)";
				STRING_CATALOG_GENERATE_SYMBOLS = NO;
				SWIFT_APPROACHABLE_CONCURRENCY = YES;
				SWIFT_EMIT_LOC_STRINGS = NO;
				SWIFT_UPCOMING_FEATURE_MEMBER_IMPORT_VISIBILITY = YES;
				SWIFT_VERSION = 5.0;
				TARGETED_DEVICE_FAMILY = "1,2";
				TEST_TARGET_NAME = BibleNavigator;
			};
			name = Debug;
		};
		10AACFFF2FC8BEDC00899DA1 /* Release */ = {
			isa = XCBuildConfiguration;
			buildSettings = {
				CODE_SIGN_STYLE = Automatic;
				CURRENT_PROJECT_VERSION = 1;
				GENERATE_INFOPLIST_FILE = YES;
				MARKETING_VERSION = 1.0;
				PRODUCT_BUNDLE_IDENTIFIER = jenna.BibleNavigatorUITests;
				PRODUCT_NAME = "$(TARGET_NAME)";
				STRING_CATALOG_GENERATE_SYMBOLS = NO;
				SWIFT_APPROACHABLE_CONCURRENCY = YES;
				SWIFT_EMIT_LOC_STRINGS = NO;
				SWIFT_UPCOMING_FEATURE_MEMBER_IMPORT_VISIBILITY = YES;
				SWIFT_VERSION = 5.0;
				TARGETED_DEVICE_FAMILY = "1,2";
				TEST_TARGET_NAME = BibleNavigator;
			};
			name = Release;
		};
/* End XCBuildConfiguration section */

/* Begin XCConfigurationList section */
		10AACFC72FC8BEDB00899DA1 /* Build configuration list for PBXProject "BibleNavigator" */ = {
			isa = XCConfigurationList;
			buildConfigurations = (
				10AACFF82FC8BEDC00899DA1 /* Debug */,
				10AACFF92FC8BEDC00899DA1 /* Release */,
			);
			defaultConfigurationIsVisible = 0;
			defaultConfigurationName = Release;
		};
		10AACFF52FC8BEDC00899DA1 /* Build configuration list for PBXNativeTarget "BibleNavigator" */ = {
			isa = XCConfigurationList;
			buildConfigurations = (
				10AACFF62FC8BEDC00899DA1 /* Debug */,
				10AACFF72FC8BEDC00899DA1 /* Release */,
			);
			defaultConfigurationIsVisible = 0;
			defaultConfigurationName = Release;
		};
		10AACFFA2FC8BEDC00899DA1 /* Build configuration list for PBXNativeTarget "BibleNavigatorTests" */ = {
			isa = XCConfigurationList;
			buildConfigurations = (
				10AACFFB2FC8BEDC00899DA1 /* Debug */,
				10AACFFC2FC8BEDC00899DA1 /* Release */,
			);
			defaultConfigurationIsVisible = 0;
			defaultConfigurationName = Release;
		};
		10AACFFD2FC8BEDC00899DA1 /* Build configuration list for PBXNativeTarget "BibleNavigatorUITests" */ = {
			isa = XCConfigurationList;
			buildConfigurations = (
				10AACFFE2FC8BEDC00899DA1 /* Debug */,
				10AACFFF2FC8BEDC00899DA1 /* Release */,
			);
			defaultConfigurationIsVisible = 0;
			defaultConfigurationName = Release;
		};
/* End XCConfigurationList section */
	};
	rootObject = 10AACFC42FC8BEDB00899DA1 /* Project object */;
}
